
Microsoft Visual Studio Solution File, Format Version 12.00
# Visual Studio Version 17
VisualStudioVersion = 17.7.34031.279
MinimumVisualStudioVersion = 10.0.40219.1
Project("{FAE04EC0-301F-11D3-BF4B-00C04F79EFBC}") = "prySosaNahuel", "prySosaNahuel.csproj", "{AF490045-0EDA-4B81-9DCB-DFF252E39689}"
EndProject
Global
	GlobalSection(SolutionConfigurationPlatforms) = preSolution
		Debug|Any CPU = Debug|Any CPU
		Release|Any CPU = Release|Any CPU
	EndGlobalSection
	GlobalSection(ProjectConfigurationPlatforms) = postSolution
		{AF490045-0EDA-4B81-9DCB-DFF252E39689}.Debug|Any CPU.ActiveCfg = Debug|Any CPU
		{AF490045-0EDA-4B81-9DCB-DFF252E39689}.Debug|Any CPU.Build.0 = Debug|Any CPU
		{AF490045-0EDA-4B81-9DCB-DFF252E39689}.Release|Any CPU.ActiveCfg = Release|Any CPU
		{AF490045-0EDA-4B81-9DCB-DFF252E39689}.Release|Any CPU.Build.0 = Release|Any CPU
	EndGlobalSection
	GlobalSection(SolutionProperties) = preSolution
		HideSolutionNode = FALSE
	EndGlobalSection
	GlobalSection(ExtensibilityGlobals) = postSolution
		SolutionGuid = {047A580F-285B-4B86-8CE1-C846D1AF9568}
	EndGlobalSection
EndGlobal
